
Microsoft Visual Studio Solution File, Format Version 12.00
# Visual Studio Version 16
VisualStudioVersion = 16.0.29326.143
MinimumVisualStudioVersion = 10.0.40219.1
Project("{FAE04EC0-301F-11D3-BF4B-00C04F79EFBC}") = "Acquire", "Acquire\Acquire.csproj", "{54471AE9-29AA-49D6-8A0F-BE8724A88D27}"
EndProject
Project("{FAE04EC0-301F-11D3-BF4B-00C04F79EFBC}") = "UnitTestAcquire", "UnitTestAcquire\UnitTestAcquire.csproj", "{5158B999-B811-47AF-BD0A-BB0F84053326}"
EndProject
Global
	GlobalSection(SolutionConfigurationPlatforms) = preSolution
		Debug|Any CPU = Debug|Any CPU
		Release|Any CPU = Release|Any CPU
	EndGlobalSection
	GlobalSection(ProjectConfigurationPlatforms) = postSolution
		{54471AE9-29AA-49D6-8A0F-BE8724A88D27}.Debug|Any CPU.ActiveCfg = Debug|Any CPU
		{54471AE9-29AA-49D6-8A0F-BE8724A88D27}.Debug|Any CPU.Build.0 = Debug|Any CPU
		{54471AE9-29AA-49D6-8A0F-BE8724A88D27}.Release|Any CPU.ActiveCfg = Release|Any CPU
		{54471AE9-29AA-49D6-8A0F-BE8724A88D27}.Release|Any CPU.Build.0 = Release|Any CPU
		{5158B999-B811-47AF-BD0A-BB0F84053326}.Debug|Any CPU.ActiveCfg = Debug|Any CPU
		{5158B999-B811-47AF-BD0A-BB0F84053326}.Debug|Any CPU.Build.0 = Debug|Any CPU
		{5158B999-B811-47AF-BD0A-BB0F84053326}.Release|Any CPU.ActiveCfg = Release|Any CPU
		{5158B999-B811-47AF-BD0A-BB0F84053326}.Release|Any CPU.Build.0 = Release|Any CPU
	EndGlobalSection
	GlobalSection(SolutionProperties) = preSolution
		HideSolutionNode = FALSE
	EndGlobalSection
	GlobalSection(ExtensibilityGlobals) = postSolution
		SolutionGuid = {B3DC29A6-18C0-4E87-882A-26CDF9B7BB93}
	EndGlobalSection
EndGlobal
